
Microsoft Visual Studio Solution File, Format Version 12.00
# Visual Studio 15
VisualStudioVersion = 15.0.25302.0
MinimumVisualStudioVersion = 10.0.40219.1
Project("{FAE04EC0-301F-11D3-BF4B-00C04F79EFBC}") = "Plugin.TestFeature", "TestFeature\Plugin.TestFeature\Plugin.TestFeature.csproj", "{A6FCEF44-D2BA-42C7-B3CB-13667BCD7B54}"
EndProject
Project("{FAE04EC0-301F-11D3-BF4B-00C04F79EFBC}") = "Plugin.TestFeature.Abstractions", "TestFeature\Plugin.TestFeature.Abstractions\Plugin.TestFeature.Abstractions.csproj", "{6EDB0588-FFC5-4EF5-8A99-9E241D0F878D}"
EndProject
Project("{FAE04EC0-301F-11D3-BF4B-00C04F79EFBC}") = "Plugin.TestFeature.iOS", "TestFeature\Plugin.TestFeature.iOS\Plugin.TestFeature.iOS.csproj", "{2882AEEB-D4CD-4EB9-8A6C-6653B33681F0}"
EndProject
Project("{FAE04EC0-301F-11D3-BF4B-00C04F79EFBC}") = "Plugin.TestFeature.Android", "TestFeature\Plugin.TestFeature.Android\Plugin.TestFeature.Android.csproj", "{56A56F17-7DE1-4CA1-9617-BF32E971AC84}"
EndProject
Project("{FAE04EC0-301F-11D3-BF4B-00C04F79EFBC}") = "Plugin.TestFeature.UWP", "TestFeature\Plugin.TestFeature.UWP\Plugin.TestFeature.UWP.csproj", "{E34B516D-C0D8-450F-9DB0-BB6A5B04AEF1}"
EndProject
Project("{2150E333-8FDC-42A3-9474-1A3956D46DE8}") = "TestFeature", "TestFeature", "{1C0A9A9C-9600-4C5B-ADF8-DE87CA488C1D}"
EndProject
Project("{2150E333-8FDC-42A3-9474-1A3956D46DE8}") = "TestAPp", "TestAPp", "{81353CDD-3887-429E-B203-E84898EC213F}"
EndProject
Project("{FAE04EC0-301F-11D3-BF4B-00C04F79EFBC}") = "TestApp.Droid", "TestApp\TestApp.Droid\TestApp.Droid.csproj", "{5B69B2E2-BBB0-40E2-AA4B-9C28D813FBE8}"
EndProject
Project("{FAE04EC0-301F-11D3-BF4B-00C04F79EFBC}") = "TestApp.iOS", "TestApp\TestApp.iOS\TestApp.iOS.csproj", "{1AA4438A-2EE9-4E6E-A7B4-68159E59E159}"
EndProject
Project("{FAE04EC0-301F-11D3-BF4B-00C04F79EFBC}") = "TestApp.UWP", "TestApp\TestApp.UWP\TestApp.UWP.csproj", "{1524154A-3E8C-4CA6-92A4-91A7A46A4DCB}"
EndProject
Project("{FAE04EC0-301F-11D3-BF4B-00C04F79EFBC}") = "TestApp", "TestApp\TestApp\TestApp.csproj", "{0BC6C685-D459-4EAF-84EF-D7E12CA72636}"
EndProject
Global
	GlobalSection(SolutionConfigurationPlatforms) = preSolution
		Ad-Hoc|Any CPU = Ad-Hoc|Any CPU
		Ad-Hoc|ARM = Ad-Hoc|ARM
		Ad-Hoc|iPhone = Ad-Hoc|iPhone
		Ad-Hoc|iPhoneSimulator = Ad-Hoc|iPhoneSimulator
		Ad-Hoc|x64 = Ad-Hoc|x64
		Ad-Hoc|x86 = Ad-Hoc|x86
		AppStore|Any CPU = AppStore|Any CPU
		AppStore|ARM = AppStore|ARM
		AppStore|iPhone = AppStore|iPhone
		AppStore|iPhoneSimulator = AppStore|iPhoneSimulator
		AppStore|x64 = AppStore|x64
		AppStore|x86 = AppStore|x86
		Debug|Any CPU = Debug|Any CPU
		Debug|ARM = Debug|ARM
		Debug|iPhone = Debug|iPhone
		Debug|iPhoneSimulator = Debug|iPhoneSimulator
		Debug|x64 = Debug|x64
		Debug|x86 = Debug|x86
		Release|Any CPU = Release|Any CPU
		Release|ARM = Release|ARM
		Release|iPhone = Release|iPhone
		Release|iPhoneSimulator = Release|iPhoneSimulator
		Release|x64 = Release|x64
		Release|x86 = Release|x86
	EndGlobalSection
	GlobalSection(ProjectConfigurationPlatforms) = postSolution
		{A6FCEF44-D2BA-42C7-B3CB-13667BCD7B54}.Ad-Hoc|Any CPU.ActiveCfg = Release|Any CPU
		{A6FCEF44-D2BA-42C7-B3CB-13667BCD7B54}.Ad-Hoc|Any CPU.Build.0 = Release|Any CPU
		{A6FCEF44-D2BA-42C7-B3CB-13667BCD7B54}.Ad-Hoc|ARM.ActiveCfg = Release|Any CPU
		{A6FCEF44-D2BA-42C7-B3CB-13667BCD7B54}.Ad-Hoc|ARM.Build.0 = Release|Any CPU
		{A6FCEF44-D2BA-42C7-B3CB-13667BCD7B54}.Ad-Hoc|iPhone.ActiveCfg = Release|Any CPU
		{A6FCEF44-D2BA-42C7-B3CB-13667BCD7B54}.Ad-Hoc|iPhone.Build.0 = Release|Any CPU
		{A6FCEF44-D2BA-42C7-B3CB-13667BCD7B54}.Ad-Hoc|iPhoneSimulator.ActiveCfg = Release|Any CPU
		{A6FCEF44-D2BA-42C7-B3CB-13667BCD7B54}.Ad-Hoc|iPhoneSimulator.Build.0 = Release|Any CPU
		{A6FCEF44-D2BA-42C7-B3CB-13667BCD7B54}.Ad-Hoc|x64.ActiveCfg = Release|Any CPU
		{A6FCEF44-D2BA-42C7-B3CB-13667BCD7B54}.Ad-Hoc|x64.Build.0 = Release|Any CPU
		{A6FCEF44-D2BA-42C7-B3CB-13667BCD7B54}.Ad-Hoc|x86.ActiveCfg = Release|Any CPU
		{A6FCEF44-D2BA-42C7-B3CB-13667BCD7B54}.Ad-Hoc|x86.Build.0 = Release|Any CPU
		{A6FCEF44-D2BA-42C7-B3CB-13667BCD7B54}.AppStore|Any CPU.ActiveCfg = Release|Any CPU
		{A6FCEF44-D2BA-42C7-B3CB-13667BCD7B54}.AppStore|Any CPU.Build.0 = Release|Any CPU
		{A6FCEF44-D2BA-42C7-B3CB-13667BCD7B54}.AppStore|ARM.ActiveCfg = Release|Any CPU
		{A6FCEF44-D2BA-42C7-B3CB-13667BCD7B54}.AppStore|ARM.Build.0 = Release|Any CPU
		{A6FCEF44-D2BA-42C7-B3CB-13667BCD7B54}.AppStore|iPhone.ActiveCfg = Release|Any CPU
		{A6FCEF44-D2BA-42C7-B3CB-13667BCD7B54}.AppStore|iPhone.Build.0 = Release|Any CPU
		{A6FCEF44-D2BA-42C7-B3CB-13667BCD7B54}.AppStore|iPhoneSimulator.ActiveCfg = Release|Any CPU
		{A6FCEF44-D2BA-42C7-B3CB-13667BCD7B54}.AppStore|iPhoneSimulator.Build.0 = Release|Any CPU
		{A6FCEF44-D2BA-42C7-B3CB-13667BCD7B54}.AppStore|x64.ActiveCfg = Release|Any CPU
		{A6FCEF44-D2BA-42C7-B3CB-13667BCD7B54}.AppStore|x64.Build.0 = Release|Any CPU
		{A6FCEF44-D2BA-42C7-B3CB-13667BCD7B54}.AppStore|x86.ActiveCfg = Release|Any CPU
		{A6FCEF44-D2BA-42C7-B3CB-13667BCD7B54}.AppStore|x86.Build.0 = Release|Any CPU
		{A6FCEF44-D2BA-42C7-B3CB-13667BCD7B54}.Debug|Any CPU.ActiveCfg = Debug|Any CPU
		{A6FCEF44-D2BA-42C7-B3CB-13667BCD7B54}.Debug|Any CPU.Build.0 = Debug|Any CPU
		{A6FCEF44-D2BA-42C7-B3CB-13667BCD7B54}.Debug|ARM.ActiveCfg = Debug|Any CPU
		{A6FCEF44-D2BA-42C7-B3CB-13667BCD7B54}.Debug|ARM.Build.0 = Debug|Any CPU
		{A6FCEF44-D2BA-42C7-B3CB-13667BCD7B54}.Debug|iPhone.ActiveCfg = Debug|Any CPU
		{A6FCEF44-D2BA-42C7-B3CB-13667BCD7B54}.Debug|iPhone.Build.0 = Debug|Any CPU
		{A6FCEF44-D2BA-42C7-B3CB-13667BCD7B54}.Debug|iPhoneSimulator.ActiveCfg = Debug|Any CPU
		{A6FCEF44-D2BA-42C7-B3CB-13667BCD7B54}.Debug|iPhoneSimulator.Build.0 = Debug|Any CPU
		{A6FCEF44-D2BA-42C7-B3CB-13667BCD7B54}.Debug|x64.ActiveCfg = Debug|Any CPU
		{A6FCEF44-D2BA-42C7-B3CB-13667BCD7B54}.Debug|x64.Build.0 = Debug|Any CPU
		{A6FCEF44-D2BA-42C7-B3CB-13667BCD7B54}.Debug|x86.ActiveCfg = Debug|Any CPU
		{A6FCEF44-D2BA-42C7-B3CB-13667BCD7B54}.Debug|x86.Build.0 = Debug|Any CPU
		{A6FCEF44-D2BA-42C7-B3CB-13667BCD7B54}.Release|Any CPU.ActiveCfg = Release|Any CPU
		{A6FCEF44-D2BA-42C7-B3CB-13667BCD7B54}.Release|Any CPU.Build.0 = Release|Any CPU
		{A6FCEF44-D2BA-42C7-B3CB-13667BCD7B54}.Release|ARM.ActiveCfg = Release|Any CPU
		{A6FCEF44-D2BA-42C7-B3CB-13667BCD7B54}.Release|ARM.Build.0 = Release|Any CPU
		{A6FCEF44-D2BA-42C7-B3CB-13667BCD7B54}.Release|iPhone.ActiveCfg = Release|Any CPU
		{A6FCEF44-D2BA-42C7-B3CB-13667BCD7B54}.Release|iPhone.Build.0 = Release|Any CPU
		{A6FCEF44-D2BA-42C7-B3CB-13667BCD7B54}.Release|iPhoneSimulator.ActiveCfg = Release|Any CPU
		{A6FCEF44-D2BA-42C7-B3CB-13667BCD7B54}.Release|iPhoneSimulator.Build.0 = Release|Any CPU
		{A6FCEF44-D2BA-42C7-B3CB-13667BCD7B54}.Release|x64.ActiveCfg = Release|Any CPU
		{A6FCEF44-D2BA-42C7-B3CB-13667BCD7B54}.Release|x64.Build.0 = Release|Any CPU
		{A6FCEF44-D2BA-42C7-B3CB-13667BCD7B54}.Release|x86.ActiveCfg = Release|Any CPU
		{A6FCEF44-D2BA-42C7-B3CB-13667BCD7B54}.Release|x86.Build.0 = Release|Any CPU
		{6EDB0588-FFC5-4EF5-8A99-9E241D0F878D}.Ad-Hoc|Any CPU.ActiveCfg = Release|Any CPU
		{6EDB0588-FFC5-4EF5-8A99-9E241D0F878D}.Ad-Hoc|Any CPU.Build.0 = Release|Any CPU
		{6EDB0588-FFC5-4EF5-8A99-9E241D0F878D}.Ad-Hoc|ARM.ActiveCfg = Release|Any CPU
		{6EDB0588-FFC5-4EF5-8A99-9E241D0F878D}.Ad-Hoc|ARM.Build.0 = Release|Any CPU
		{6EDB0588-FFC5-4EF5-8A99-9E241D0F878D}.Ad-Hoc|iPhone.ActiveCfg = Release|Any CPU
		{6EDB0588-FFC5-4EF5-8A99-9E241D0F878D}.Ad-Hoc|iPhone.Build.0 = Release|Any CPU
		{6EDB0588-FFC5-4EF5-8A99-9E241D0F878D}.Ad-Hoc|iPhoneSimulator.ActiveCfg = Release|Any CPU
		{6EDB0588-FFC5-4EF5-8A99-9E241D0F878D}.Ad-Hoc|iPhoneSimulator.Build.0 = Release|Any CPU
		{6EDB0588-FFC5-4EF5-8A99-9E241D0F878D}.Ad-Hoc|x64.ActiveCfg = Release|Any CPU
		{6EDB0588-FFC5-4EF5-8A99-9E241D0F878D}.Ad-Hoc|x64.Build.0 = Release|Any CPU
		{6EDB0588-FFC5-4EF5-8A99-9E241D0F878D}.Ad-Hoc|x86.ActiveCfg = Release|Any CPU
		{6EDB0588-FFC5-4EF5-8A99-9E241D0F878D}.Ad-Hoc|x86.Build.0 = Release|Any CPU
		{6EDB0588-FFC5-4EF5-8A99-9E241D0F878D}.AppStore|Any CPU.ActiveCfg = Release|Any CPU
		{6EDB0588-FFC5-4EF5-8A99-9E241D0F878D}.AppStore|Any CPU.Build.0 = Release|Any CPU
		{6EDB0588-FFC5-4EF5-8A99-9E241D0F878D}.AppStore|ARM.ActiveCfg = Release|Any CPU
		{6EDB0588-FFC5-4EF5-8A99-9E241D0F878D}.AppStore|ARM.Build.0 = Release|Any CPU
		{6EDB0588-FFC5-4EF5-8A99-9E241D0F878D}.AppStore|iPhone.ActiveCfg = Release|Any CPU
		{6EDB0588-FFC5-4EF5-8A99-9E241D0F878D}.AppStore|iPhone.Build.0 = Release|Any CPU
		{6EDB0588-FFC5-4EF5-8A99-9E241D0F878D}.AppStore|iPhoneSimulator.ActiveCfg = Release|Any CPU
		{6EDB0588-FFC5-4EF5-8A99-9E241D0F878D}.AppStore|iPhoneSimulator.Build.0 = Release|Any CPU
		{6EDB0588-FFC5-4EF5-8A99-9E241D0F878D}.AppStore|x64.ActiveCfg = Release|Any CPU
		{6EDB0588-FFC5-4EF5-8A99-9E241D0F878D}.AppStore|x64.Build.0 = Release|Any CPU
		{6EDB0588-FFC5-4EF5-8A99-9E241D0F878D}.AppStore|x86.ActiveCfg = Release|Any CPU
		{6EDB0588-FFC5-4EF5-8A99-9E241D0F878D}.AppStore|x86.Build.0 = Release|Any CPU
		{6EDB0588-FFC5-4EF5-8A99-9E241D0F878D}.Debug|Any CPU.ActiveCfg = Debug|Any CPU
		{6EDB0588-FFC5-4EF5-8A99-9E241D0F878D}.Debug|Any CPU.Build.0 = Debug|Any CPU
		{6EDB0588-FFC5-4EF5-8A99-9E241D0F878D}.Debug|ARM.ActiveCfg = Debug|Any CPU
		{6EDB0588-FFC5-4EF5-8A99-9E241D0F878D}.Debug|ARM.Build.0 = Debug|Any CPU
		{6EDB0588-FFC5-4EF5-8A99-9E241D0F878D}.Debug|iPhone.ActiveCfg = Debug|Any CPU
		{6EDB0588-FFC5-4EF5-8A99-9E241D0F878D}.Debug|iPhone.Build.0 = Debug|Any CPU
		{6EDB0588-FFC5-4EF5-8A99-9E241D0F878D}.Debug|iPhoneSimulator.ActiveCfg = Debug|Any CPU
		{6EDB0588-FFC5-4EF5-8A99-9E241D0F878D}.Debug|iPhoneSimulator.Build.0 = Debug|Any CPU
		{6EDB0588-FFC5-4EF5-8A99-9E241D0F878D}.Debug|x64.ActiveCfg = Debug|Any CPU
		{6EDB0588-FFC5-4EF5-8A99-9E241D0F878D}.Debug|x64.Build.0 = Debug|Any CPU
		{6EDB0588-FFC5-4EF5-8A99-9E241D0F878D}.Debug|x86.ActiveCfg = Debug|Any CPU
		{6EDB0588-FFC5-4EF5-8A99-9E241D0F878D}.Debug|x86.Build.0 = Debug|Any CPU
		{6EDB0588-FFC5-4EF5-8A99-9E241D0F878D}.Release|Any CPU.ActiveCfg = Release|Any CPU
		{6EDB0588-FFC5-4EF5-8A99-9E241D0F878D}.Release|Any CPU.Build.0 = Release|Any CPU
		{6EDB0588-FFC5-4EF5-8A99-9E241D0F878D}.Release|ARM.ActiveCfg = Release|Any CPU
		{6EDB0588-FFC5-4EF5-8A99-9E241D0F878D}.Release|ARM.Build.0 = Release|Any CPU
		{6EDB0588-FFC5-4EF5-8A99-9E241D0F878D}.Release|iPhone.ActiveCfg = Release|Any CPU
		{6EDB0588-FFC5-4EF5-8A99-9E241D0F878D}.Release|iPhone.Build.0 = Release|Any CPU
		{6EDB0588-FFC5-4EF5-8A99-9E241D0F878D}.Release|iPhoneSimulator.ActiveCfg = Release|Any CPU
		{6EDB0588-FFC5-4EF5-8A99-9E241D0F878D}.Release|iPhoneSimulator.Build.0 = Release|Any CPU
		{6EDB0588-FFC5-4EF5-8A99-9E241D0F878D}.Release|x64.ActiveCfg = Release|Any CPU
		{6EDB0588-FFC5-4EF5-8A99-9E241D0F878D}.Release|x64.Build.0 = Release|Any CPU
		{6EDB0588-FFC5-4EF5-8A99-9E241D0F878D}.Release|x86.ActiveCfg = Release|Any CPU
		{6EDB0588-FFC5-4EF5-8A99-9E241D0F878D}.Release|x86.Build.0 = Release|Any CPU
		{2882AEEB-D4CD-4EB9-8A6C-6653B33681F0}.Ad-Hoc|Any CPU.ActiveCfg = AppStore|Any CPU
		{2882AEEB-D4CD-4EB9-8A6C-6653B33681F0}.Ad-Hoc|Any CPU.Build.0 = AppStore|Any CPU
		{2882AEEB-D4CD-4EB9-8A6C-6653B33681F0}.Ad-Hoc|ARM.ActiveCfg = AppStore|Any CPU
		{2882AEEB-D4CD-4EB9-8A6C-6653B33681F0}.Ad-Hoc|ARM.Build.0 = AppStore|Any CPU
		{2882AEEB-D4CD-4EB9-8A6C-6653B33681F0}.Ad-Hoc|iPhone.ActiveCfg = AppStore|Any CPU
		{2882AEEB-D4CD-4EB9-8A6C-6653B33681F0}.Ad-Hoc|iPhone.Build.0 = AppStore|Any CPU
		{2882AEEB-D4CD-4EB9-8A6C-6653B33681F0}.Ad-Hoc|iPhoneSimulator.ActiveCfg = AppStore|Any CPU
		{2882AEEB-D4CD-4EB9-8A6C-6653B33681F0}.Ad-Hoc|iPhoneSimulator.Build.0 = AppStore|Any CPU
		{2882AEEB-D4CD-4EB9-8A6C-6653B33681F0}.Ad-Hoc|x64.ActiveCfg = AppStore|Any CPU
		{2882AEEB-D4CD-4EB9-8A6C-6653B33681F0}.Ad-Hoc|x64.Build.0 = AppStore|Any CPU
		{2882AEEB-D4CD-4EB9-8A6C-6653B33681F0}.Ad-Hoc|x86.ActiveCfg = AppStore|Any CPU
		{2882AEEB-D4CD-4EB9-8A6C-6653B33681F0}.Ad-Hoc|x86.Build.0 = AppStore|Any CPU
		{2882AEEB-D4CD-4EB9-8A6C-6653B33681F0}.AppStore|Any CPU.ActiveCfg = AppStore|Any CPU
		{2882AEEB-D4CD-4EB9-8A6C-6653B33681F0}.AppStore|Any CPU.Build.0 = AppStore|Any CPU
		{2882AEEB-D4CD-4EB9-8A6C-6653B33681F0}.AppStore|ARM.ActiveCfg = AppStore|Any CPU
		{2882AEEB-D4CD-4EB9-8A6C-6653B33681F0}.AppStore|ARM.Build.0 = AppStore|Any CPU
		{2882AEEB-D4CD-4EB9-8A6C-6653B33681F0}.AppStore|iPhone.ActiveCfg = AppStore|Any CPU
		{2882AEEB-D4CD-4EB9-8A6C-6653B33681F0}.AppStore|iPhone.Build.0 = AppStore|Any CPU
		{2882AEEB-D4CD-4EB9-8A6C-6653B33681F0}.AppStore|iPhoneSimulator.ActiveCfg = AppStore|Any CPU
		{2882AEEB-D4CD-4EB9-8A6C-6653B33681F0}.AppStore|iPhoneSimulator.Build.0 = AppStore|Any CPU
		{2882AEEB-D4CD-4EB9-8A6C-6653B33681F0}.AppStore|x64.ActiveCfg = AppStore|Any CPU
		{2882AEEB-D4CD-4EB9-8A6C-6653B33681F0}.AppStore|x64.Build.0 = AppStore|Any CPU
		{2882AEEB-D4CD-4EB9-8A6C-6653B33681F0}.AppStore|x86.ActiveCfg = AppStore|Any CPU
		{2882AEEB-D4CD-4EB9-8A6C-6653B33681F0}.AppStore|x86.Build.0 = AppStore|Any CPU
		{2882AEEB-D4CD-4EB9-8A6C-6653B33681F0}.Debug|Any CPU.ActiveCfg = Debug|Any CPU
		{2882AEEB-D4CD-4EB9-8A6C-6653B33681F0}.Debug|Any CPU.Build.0 = Debug|Any CPU
		{2882AEEB-D4CD-4EB9-8A6C-6653B33681F0}.Debug|ARM.ActiveCfg = Debug|Any CPU
		{2882AEEB-D4CD-4EB9-8A6C-6653B33681F0}.Debug|ARM.Build.0 = Debug|Any CPU
		{2882AEEB-D4CD-4EB9-8A6C-6653B33681F0}.Debug|iPhone.ActiveCfg = Debug|Any CPU
		{2882AEEB-D4CD-4EB9-8A6C-6653B33681F0}.Debug|iPhone.Build.0 = Debug|Any CPU
		{2882AEEB-D4CD-4EB9-8A6C-6653B33681F0}.Debug|iPhoneSimulator.ActiveCfg = Debug|Any CPU
		{2882AEEB-D4CD-4EB9-8A6C-6653B33681F0}.Debug|iPhoneSimulator.Build.0 = Debug|Any CPU
		{2882AEEB-D4CD-4EB9-8A6C-6653B33681F0}.Debug|x64.ActiveCfg = Debug|Any CPU
		{2882AEEB-D4CD-4EB9-8A6C-6653B33681F0}.Debug|x64.Build.0 = Debug|Any CPU
		{2882AEEB-D4CD-4EB9-8A6C-6653B33681F0}.Debug|x86.ActiveCfg = Debug|Any CPU
		{2882AEEB-D4CD-4EB9-8A6C-6653B33681F0}.Debug|x86.Build.0 = Debug|Any CPU
		{2882AEEB-D4CD-4EB9-8A6C-6653B33681F0}.Release|Any CPU.ActiveCfg = Release|Any CPU
		{2882AEEB-D4CD-4EB9-8A6C-6653B33681F0}.Release|Any CPU.Build.0 = Release|Any CPU
		{2882AEEB-D4CD-4EB9-8A6C-6653B33681F0}.Release|ARM.ActiveCfg = Release|Any CPU
		{2882AEEB-D4CD-4EB9-8A6C-6653B33681F0}.Release|ARM.Build.0 = Release|Any CPU
		{2882AEEB-D4CD-4EB9-8A6C-6653B33681F0}.Release|iPhone.ActiveCfg = Release|Any CPU
		{2882AEEB-D4CD-4EB9-8A6C-6653B33681F0}.Release|iPhone.Build.0 = Release|Any CPU
		{2882AEEB-D4CD-4EB9-8A6C-6653B33681F0}.Release|iPhoneSimulator.ActiveCfg = Release|Any CPU
		{2882AEEB-D4CD-4EB9-8A6C-6653B33681F0}.Release|iPhoneSimulator.Build.0 = Release|Any CPU
		{2882AEEB-D4CD-4EB9-8A6C-6653B33681F0}.Release|x64.ActiveCfg = Release|Any CPU
		{2882AEEB-D4CD-4EB9-8A6C-6653B33681F0}.Release|x64.Build.0 = Release|Any CPU
		{2882AEEB-D4CD-4EB9-8A6C-6653B33681F0}.Release|x86.ActiveCfg = Release|Any CPU
		{2882AEEB-D4CD-4EB9-8A6C-6653B33681F0}.Release|x86.Build.0 = Release|Any CPU
		{56A56F17-7DE1-4CA1-9617-BF32E971AC84}.Ad-Hoc|Any CPU.ActiveCfg = Release|Any CPU
		{56A56F17-7DE1-4CA1-9617-BF32E971AC84}.Ad-Hoc|Any CPU.Build.0 = Release|Any CPU
		{56A56F17-7DE1-4CA1-9617-BF32E971AC84}.Ad-Hoc|ARM.ActiveCfg = Release|Any CPU
		{56A56F17-7DE1-4CA1-9617-BF32E971AC84}.Ad-Hoc|ARM.Build.0 = Release|Any CPU
		{56A56F17-7DE1-4CA1-9617-BF32E971AC84}.Ad-Hoc|iPhone.ActiveCfg = Release|Any CPU
		{56A56F17-7DE1-4CA1-9617-BF32E971AC84}.Ad-Hoc|iPhone.Build.0 = Release|Any CPU
		{56A56F17-7DE1-4CA1-9617-BF32E971AC84}.Ad-Hoc|iPhoneSimulator.ActiveCfg = Release|Any CPU
		{56A56F17-7DE1-4CA1-9617-BF32E971AC84}.Ad-Hoc|iPhoneSimulator.Build.0 = Release|Any CPU
		{56A56F17-7DE1-4CA1-9617-BF32E971AC84}.Ad-Hoc|x64.ActiveCfg = Release|Any CPU
		{56A56F17-7DE1-4CA1-9617-BF32E971AC84}.Ad-Hoc|x64.Build.0 = Release|Any CPU
		{56A56F17-7DE1-4CA1-9617-BF32E971AC84}.Ad-Hoc|x86.ActiveCfg = Release|Any CPU
		{56A56F17-7DE1-4CA1-9617-BF32E971AC84}.Ad-Hoc|x86.Build.0 = Release|Any CPU
		{56A56F17-7DE1-4CA1-9617-BF32E971AC84}.AppStore|Any CPU.ActiveCfg = Release|Any CPU
		{56A56F17-7DE1-4CA1-9617-BF32E971AC84}.AppStore|Any CPU.Build.0 = Release|Any CPU
		{56A56F17-7DE1-4CA1-9617-BF32E971AC84}.AppStore|ARM.ActiveCfg = Release|Any CPU
		{56A56F17-7DE1-4CA1-9617-BF32E971AC84}.AppStore|ARM.Build.0 = Release|Any CPU
		{56A56F17-7DE1-4CA1-9617-BF32E971AC84}.AppStore|iPhone.ActiveCfg = Release|Any CPU
		{56A56F17-7DE1-4CA1-9617-BF32E971AC84}.AppStore|iPhone.Build.0 = Release|Any CPU
		{56A56F17-7DE1-4CA1-9617-BF32E971AC84}.AppStore|iPhoneSimulator.ActiveCfg = Release|Any CPU
		{56A56F17-7DE1-4CA1-9617-BF32E971AC84}.AppStore|iPhoneSimulator.Build.0 = Release|Any CPU
		{56A56F17-7DE1-4CA1-9617-BF32E971AC84}.AppStore|x64.ActiveCfg = Release|Any CPU
		{56A56F17-7DE1-4CA1-9617-BF32E971AC84}.AppStore|x64.Build.0 = Release|Any CPU
		{56A56F17-7DE1-4CA1-9617-BF32E971AC84}.AppStore|x86.ActiveCfg = Release|Any CPU
		{56A56F17-7DE1-4CA1-9617-BF32E971AC84}.AppStore|x86.Build.0 = Release|Any CPU
		{56A56F17-7DE1-4CA1-9617-BF32E971AC84}.Debug|Any CPU.ActiveCfg = Debug|Any CPU
		{56A56F17-7DE1-4CA1-9617-BF32E971AC84}.Debug|Any CPU.Build.0 = Debug|Any CPU
		{56A56F17-7DE1-4CA1-9617-BF32E971AC84}.Debug|ARM.ActiveCfg = Debug|Any CPU
		{56A56F17-7DE1-4CA1-9617-BF32E971AC84}.Debug|ARM.Build.0 = Debug|Any CPU
		{56A56F17-7DE1-4CA1-9617-BF32E971AC84}.Debug|iPhone.ActiveCfg = Debug|Any CPU
		{56A56F17-7DE1-4CA1-9617-BF32E971AC84}.Debug|iPhone.Build.0 = Debug|Any CPU
		{56A56F17-7DE1-4CA1-9617-BF32E971AC84}.Debug|iPhoneSimulator.ActiveCfg = Debug|Any CPU
		{56A56F17-7DE1-4CA1-9617-BF32E971AC84}.Debug|iPhoneSimulator.Build.0 = Debug|Any CPU
		{56A56F17-7DE1-4CA1-9617-BF32E971AC84}.Debug|x64.ActiveCfg = Debug|Any CPU
		{56A56F17-7DE1-4CA1-9617-BF32E971AC84}.Debug|x64.Build.0 = Debug|Any CPU
		{56A56F17-7DE1-4CA1-9617-BF32E971AC84}.Debug|x86.ActiveCfg = Debug|Any CPU
		{56A56F17-7DE1-4CA1-9617-BF32E971AC84}.Debug|x86.Build.0 = Debug|Any CPU
		{56A56F17-7DE1-4CA1-9617-BF32E971AC84}.Release|Any CPU.ActiveCfg = Release|Any CPU
		{56A56F17-7DE1-4CA1-9617-BF32E971AC84}.Release|Any CPU.Build.0 = Release|Any CPU
		{56A56F17-7DE1-4CA1-9617-BF32E971AC84}.Release|ARM.ActiveCfg = Release|Any CPU
		{56A56F17-7DE1-4CA1-9617-BF32E971AC84}.Release|ARM.Build.0 = Release|Any CPU
		{56A56F17-7DE1-4CA1-9617-BF32E971AC84}.Release|iPhone.ActiveCfg = Release|Any CPU
		{56A56F17-7DE1-4CA1-9617-BF32E971AC84}.Release|iPhone.Build.0 = Release|Any CPU
		{56A56F17-7DE1-4CA1-9617-BF32E971AC84}.Release|iPhoneSimulator.ActiveCfg = Release|Any CPU
		{56A56F17-7DE1-4CA1-9617-BF32E971AC84}.Release|iPhoneSimulator.Build.0 = Release|Any CPU
		{56A56F17-7DE1-4CA1-9617-BF32E971AC84}.Release|x64.ActiveCfg = Release|Any CPU
		{56A56F17-7DE1-4CA1-9617-BF32E971AC84}.Release|x64.Build.0 = Release|Any CPU
		{56A56F17-7DE1-4CA1-9617-BF32E971AC84}.Release|x86.ActiveCfg = Release|Any CPU
		{56A56F17-7DE1-4CA1-9617-BF32E971AC84}.Release|x86.Build.0 = Release|Any CPU
		{E34B516D-C0D8-450F-9DB0-BB6A5B04AEF1}.Ad-Hoc|Any CPU.ActiveCfg = Release|Any CPU
		{E34B516D-C0D8-450F-9DB0-BB6A5B04AEF1}.Ad-Hoc|Any CPU.Build.0 = Release|Any CPU
		{E34B516D-C0D8-450F-9DB0-BB6A5B04AEF1}.Ad-Hoc|ARM.ActiveCfg = Release|ARM
		{E34B516D-C0D8-450F-9DB0-BB6A5B04AEF1}.Ad-Hoc|ARM.Build.0 = Release|ARM
		{E34B516D-C0D8-450F-9DB0-BB6A5B04AEF1}.Ad-Hoc|iPhone.ActiveCfg = Release|Any CPU
		{E34B516D-C0D8-450F-9DB0-BB6A5B04AEF1}.Ad-Hoc|iPhone.Build.0 = Release|Any CPU
		{E34B516D-C0D8-450F-9DB0-BB6A5B04AEF1}.Ad-Hoc|iPhoneSimulator.ActiveCfg = Release|Any CPU
		{E34B516D-C0D8-450F-9DB0-BB6A5B04AEF1}.Ad-Hoc|iPhoneSimulator.Build.0 = Release|Any CPU
		{E34B516D-C0D8-450F-9DB0-BB6A5B04AEF1}.Ad-Hoc|x64.ActiveCfg = Release|x64
		{E34B516D-C0D8-450F-9DB0-BB6A5B04AEF1}.Ad-Hoc|x64.Build.0 = Release|x64
		{E34B516D-C0D8-450F-9DB0-BB6A5B04AEF1}.Ad-Hoc|x86.ActiveCfg = Release|x86
		{E34B516D-C0D8-450F-9DB0-BB6A5B04AEF1}.Ad-Hoc|x86.Build.0 = Release|x86
		{E34B516D-C0D8-450F-9DB0-BB6A5B04AEF1}.AppStore|Any CPU.ActiveCfg = Release|Any CPU
		{E34B516D-C0D8-450F-9DB0-BB6A5B04AEF1}.AppStore|Any CPU.Build.0 = Release|Any CPU
		{E34B516D-C0D8-450F-9DB0-BB6A5B04AEF1}.AppStore|ARM.ActiveCfg = Release|ARM
		{E34B516D-C0D8-450F-9DB0-BB6A5B04AEF1}.AppStore|ARM.Build.0 = Release|ARM
		{E34B516D-C0D8-450F-9DB0-BB6A5B04AEF1}.AppStore|iPhone.ActiveCfg = Release|Any CPU
		{E34B516D-C0D8-450F-9DB0-BB6A5B04AEF1}.AppStore|iPhone.Build.0 = Release|Any CPU
		{E34B516D-C0D8-450F-9DB0-BB6A5B04AEF1}.AppStore|iPhoneSimulator.ActiveCfg = Release|Any CPU
		{E34B516D-C0D8-450F-9DB0-BB6A5B04AEF1}.AppStore|iPhoneSimulator.Build.0 = Release|Any CPU
		{E34B516D-C0D8-450F-9DB0-BB6A5B04AEF1}.AppStore|x64.ActiveCfg = Release|x64
		{E34B516D-C0D8-450F-9DB0-BB6A5B04AEF1}.AppStore|x64.Build.0 = Release|x64
		{E34B516D-C0D8-450F-9DB0-BB6A5B04AEF1}.AppStore|x86.ActiveCfg = Release|x86
		{E34B516D-C0D8-450F-9DB0-BB6A5B04AEF1}.AppStore|x86.Build.0 = Release|x86
		{E34B516D-C0D8-450F-9DB0-BB6A5B04AEF1}.Debug|Any CPU.ActiveCfg = Debug|Any CPU
		{E34B516D-C0D8-450F-9DB0-BB6A5B04AEF1}.Debug|Any CPU.Build.0 = Debug|Any CPU
		{E34B516D-C0D8-450F-9DB0-BB6A5B04AEF1}.Debug|ARM.ActiveCfg = Debug|ARM
		{E34B516D-C0D8-450F-9DB0-BB6A5B04AEF1}.Debug|ARM.Build.0 = Debug|ARM
		{E34B516D-C0D8-450F-9DB0-BB6A5B04AEF1}.Debug|iPhone.ActiveCfg = Debug|Any CPU
		{E34B516D-C0D8-450F-9DB0-BB6A5B04AEF1}.Debug|iPhone.Build.0 = Debug|Any CPU
		{E34B516D-C0D8-450F-9DB0-BB6A5B04AEF1}.Debug|iPhoneSimulator.ActiveCfg = Debug|Any CPU
		{E34B516D-C0D8-450F-9DB0-BB6A5B04AEF1}.Debug|iPhoneSimulator.Build.0 = Debug|Any CPU
		{E34B516D-C0D8-450F-9DB0-BB6A5B04AEF1}.Debug|x64.ActiveCfg = Debug|x64
		{E34B516D-C0D8-450F-9DB0-BB6A5B04AEF1}.Debug|x64.Build.0 = Debug|x64
		{E34B516D-C0D8-450F-9DB0-BB6A5B04AEF1}.Debug|x86.ActiveCfg = Debug|x86
		{E34B516D-C0D8-450F-9DB0-BB6A5B04AEF1}.Debug|x86.Build.0 = Debug|x86
		{E34B516D-C0D8-450F-9DB0-BB6A5B04AEF1}.Release|Any CPU.ActiveCfg = Release|Any CPU
		{E34B516D-C0D8-450F-9DB0-BB6A5B04AEF1}.Release|Any CPU.Build.0 = Release|Any CPU
		{E34B516D-C0D8-450F-9DB0-BB6A5B04AEF1}.Release|ARM.ActiveCfg = Release|ARM
		{E34B516D-C0D8-450F-9DB0-BB6A5B04AEF1}.Release|ARM.Build.0 = Release|ARM
		{E34B516D-C0D8-450F-9DB0-BB6A5B04AEF1}.Release|iPhone.ActiveCfg = Release|Any CPU
		{E34B516D-C0D8-450F-9DB0-BB6A5B04AEF1}.Release|iPhone.Build.0 = Release|Any CPU
		{E34B516D-C0D8-450F-9DB0-BB6A5B04AEF1}.Release|iPhoneSimulator.ActiveCfg = Release|Any CPU
		{E34B516D-C0D8-450F-9DB0-BB6A5B04AEF1}.Release|iPhoneSimulator.Build.0 = Release|Any CPU
		{E34B516D-C0D8-450F-9DB0-BB6A5B04AEF1}.Release|x64.ActiveCfg = Release|x64
		{E34B516D-C0D8-450F-9DB0-BB6A5B04AEF1}.Release|x64.Build.0 = Release|x64
		{E34B516D-C0D8-450F-9DB0-BB6A5B04AEF1}.Release|x86.ActiveCfg = Release|x86
		{E34B516D-C0D8-450F-9DB0-BB6A5B04AEF1}.Release|x86.Build.0 = Release|x86
		{5B69B2E2-BBB0-40E2-AA4B-9C28D813FBE8}.Ad-Hoc|Any CPU.ActiveCfg = Release|Any CPU
		{5B69B2E2-BBB0-40E2-AA4B-9C28D813FBE8}.Ad-Hoc|Any CPU.Build.0 = Release|Any CPU
		{5B69B2E2-BBB0-40E2-AA4B-9C28D813FBE8}.Ad-Hoc|Any CPU.Deploy.0 = Release|Any CPU
		{5B69B2E2-BBB0-40E2-AA4B-9C28D813FBE8}.Ad-Hoc|ARM.ActiveCfg = Release|Any CPU
		{5B69B2E2-BBB0-40E2-AA4B-9C28D813FBE8}.Ad-Hoc|ARM.Build.0 = Release|Any CPU
		{5B69B2E2-BBB0-40E2-AA4B-9C28D813FBE8}.Ad-Hoc|ARM.Deploy.0 = Release|Any CPU
		{5B69B2E2-BBB0-40E2-AA4B-9C28D813FBE8}.Ad-Hoc|iPhone.ActiveCfg = Release|Any CPU
		{5B69B2E2-BBB0-40E2-AA4B-9C28D813FBE8}.Ad-Hoc|iPhone.Build.0 = Release|Any CPU
		{5B69B2E2-BBB0-40E2-AA4B-9C28D813FBE8}.Ad-Hoc|iPhone.Deploy.0 = Release|Any CPU
		{5B69B2E2-BBB0-40E2-AA4B-9C28D813FBE8}.Ad-Hoc|iPhoneSimulator.ActiveCfg = Release|Any CPU
		{5B69B2E2-BBB0-40E2-AA4B-9C28D813FBE8}.Ad-Hoc|iPhoneSimulator.Build.0 = Release|Any CPU
		{5B69B2E2-BBB0-40E2-AA4B-9C28D813FBE8}.Ad-Hoc|iPhoneSimulator.Deploy.0 = Release|Any CPU
		{5B69B2E2-BBB0-40E2-AA4B-9C28D813FBE8}.Ad-Hoc|x64.ActiveCfg = Release|Any CPU
		{5B69B2E2-BBB0-40E2-AA4B-9C28D813FBE8}.Ad-Hoc|x64.Build.0 = Release|Any CPU
		{5B69B2E2-BBB0-40E2-AA4B-9C28D813FBE8}.Ad-Hoc|x64.Deploy.0 = Release|Any CPU
		{5B69B2E2-BBB0-40E2-AA4B-9C28D813FBE8}.Ad-Hoc|x86.ActiveCfg = Release|Any CPU
		{5B69B2E2-BBB0-40E2-AA4B-9C28D813FBE8}.Ad-Hoc|x86.Build.0 = Release|Any CPU
		{5B69B2E2-BBB0-40E2-AA4B-9C28D813FBE8}.Ad-Hoc|x86.Deploy.0 = Release|Any CPU
		{5B69B2E2-BBB0-40E2-AA4B-9C28D813FBE8}.AppStore|Any CPU.ActiveCfg = Release|Any CPU
		{5B69B2E2-BBB0-40E2-AA4B-9C28D813FBE8}.AppStore|Any CPU.Build.0 = Release|Any CPU
		{5B69B2E2-BBB0-40E2-AA4B-9C28D813FBE8}.AppStore|Any CPU.Deploy.0 = Release|Any CPU
		{5B69B2E2-BBB0-40E2-AA4B-9C28D813FBE8}.AppStore|ARM.ActiveCfg = Release|Any CPU
		{5B69B2E2-BBB0-40E2-AA4B-9C28D813FBE8}.AppStore|ARM.Build.0 = Release|Any CPU
		{5B69B2E2-BBB0-40E2-AA4B-9C28D813FBE8}.AppStore|ARM.Deploy.0 = Release|Any CPU
		{5B69B2E2-BBB0-40E2-AA4B-9C28D813FBE8}.AppStore|iPhone.ActiveCfg = Release|Any CPU
		{5B69B2E2-BBB0-40E2-AA4B-9C28D813FBE8}.AppStore|iPhone.Build.0 = Release|Any CPU
		{5B69B2E2-BBB0-40E2-AA4B-9C28D813FBE8}.AppStore|iPhone.Deploy.0 = Release|Any CPU
		{5B69B2E2-BBB0-40E2-AA4B-9C28D813FBE8}.AppStore|iPhoneSimulator.ActiveCfg = Release|Any CPU
		{5B69B2E2-BBB0-40E2-AA4B-9C28D813FBE8}.AppStore|iPhoneSimulator.Build.0 = Release|Any CPU
		{5B69B2E2-BBB0-40E2-AA4B-9C28D813FBE8}.AppStore|iPhoneSimulator.Deploy.0 = Release|Any CPU
		{5B69B2E2-BBB0-40E2-AA4B-9C28D813FBE8}.AppStore|x64.ActiveCfg = Release|Any CPU
		{5B69B2E2-BBB0-40E2-AA4B-9C28D813FBE8}.AppStore|x64.Build.0 = Release|Any CPU
		{5B69B2E2-BBB0-40E2-AA4B-9C28D813FBE8}.AppStore|x64.Deploy.0 = Release|Any CPU
		{5B69B2E2-BBB0-40E2-AA4B-9C28D813FBE8}.AppStore|x86.ActiveCfg = Release|Any CPU
		{5B69B2E2-BBB0-40E2-AA4B-9C28D813FBE8}.AppStore|x86.Build.0 = Release|Any CPU
		{5B69B2E2-BBB0-40E2-AA4B-9C28D813FBE8}.AppStore|x86.Deploy.0 = Release|Any CPU
		{5B69B2E2-BBB0-40E2-AA4B-9C28D813FBE8}.Debug|Any CPU.ActiveCfg = Debug|Any CPU
		{5B69B2E2-BBB0-40E2-AA4B-9C28D813FBE8}.Debug|Any CPU.Build.0 = Debug|Any CPU
		{5B69B2E2-BBB0-40E2-AA4B-9C28D813FBE8}.Debug|Any CPU.Deploy.0 = Debug|Any CPU
		{5B69B2E2-BBB0-40E2-AA4B-9C28D813FBE8}.Debug|ARM.ActiveCfg = Debug|Any CPU
		{5B69B2E2-BBB0-40E2-AA4B-9C28D813FBE8}.Debug|ARM.Build.0 = Debug|Any CPU
		{5B69B2E2-BBB0-40E2-AA4B-9C28D813FBE8}.Debug|ARM.Deploy.0 = Debug|Any CPU
		{5B69B2E2-BBB0-40E2-AA4B-9C28D813FBE8}.Debug|iPhone.ActiveCfg = Debug|Any CPU
		{5B69B2E2-BBB0-40E2-AA4B-9C28D813FBE8}.Debug|iPhone.Build.0 = Debug|Any CPU
		{5B69B2E2-BBB0-40E2-AA4B-9C28D813FBE8}.Debug|iPhone.Deploy.0 = Debug|Any CPU
		{5B69B2E2-BBB0-40E2-AA4B-9C28D813FBE8}.Debug|iPhoneSimulator.ActiveCfg = Debug|Any CPU
		{5B69B2E2-BBB0-40E2-AA4B-9C28D813FBE8}.Debug|iPhoneSimulator.Build.0 = Debug|Any CPU
		{5B69B2E2-BBB0-40E2-AA4B-9C28D813FBE8}.Debug|iPhoneSimulator.Deploy.0 = Debug|Any CPU
		{5B69B2E2-BBB0-40E2-AA4B-9C28D813FBE8}.Debug|x64.ActiveCfg = Debug|Any CPU
		{5B69B2E2-BBB0-40E2-AA4B-9C28D813FBE8}.Debug|x64.Build.0 = Debug|Any CPU
		{5B69B2E2-BBB0-40E2-AA4B-9C28D813FBE8}.Debug|x64.Deploy.0 = Debug|Any CPU
		{5B69B2E2-BBB0-40E2-AA4B-9C28D813FBE8}.Debug|x86.ActiveCfg = Debug|Any CPU
		{5B69B2E2-BBB0-40E2-AA4B-9C28D813FBE8}.Debug|x86.Build.0 = Debug|Any CPU
		{5B69B2E2-BBB0-40E2-AA4B-9C28D813FBE8}.Debug|x86.Deploy.0 = Debug|Any CPU
		{5B69B2E2-BBB0-40E2-AA4B-9C28D813FBE8}.Release|Any CPU.ActiveCfg = Release|Any CPU
		{5B69B2E2-BBB0-40E2-AA4B-9C28D813FBE8}.Release|Any CPU.Build.0 = Release|Any CPU
		{5B69B2E2-BBB0-40E2-AA4B-9C28D813FBE8}.Release|Any CPU.Deploy.0 = Release|Any CPU
		{5B69B2E2-BBB0-40E2-AA4B-9C28D813FBE8}.Release|ARM.ActiveCfg = Release|Any CPU
		{5B69B2E2-BBB0-40E2-AA4B-9C28D813FBE8}.Release|ARM.Build.0 = Release|Any CPU
		{5B69B2E2-BBB0-40E2-AA4B-9C28D813FBE8}.Release|ARM.Deploy.0 = Release|Any CPU
		{5B69B2E2-BBB0-40E2-AA4B-9C28D813FBE8}.Release|iPhone.ActiveCfg = Release|Any CPU
		{5B69B2E2-BBB0-40E2-AA4B-9C28D813FBE8}.Release|iPhone.Build.0 = Release|Any CPU
		{5B69B2E2-BBB0-40E2-AA4B-9C28D813FBE8}.Release|iPhone.Deploy.0 = Release|Any CPU
		{5B69B2E2-BBB0-40E2-AA4B-9C28D813FBE8}.Release|iPhoneSimulator.ActiveCfg = Release|Any CPU
		{5B69B2E2-BBB0-40E2-AA4B-9C28D813FBE8}.Release|iPhoneSimulator.Build.0 = Release|Any CPU
		{5B69B2E2-BBB0-40E2-AA4B-9C28D813FBE8}.Release|iPhoneSimulator.Deploy.0 = Release|Any CPU
		{5B69B2E2-BBB0-40E2-AA4B-9C28D813FBE8}.Release|x64.ActiveCfg = Release|Any CPU
		{5B69B2E2-BBB0-40E2-AA4B-9C28D813FBE8}.Release|x64.Build.0 = Release|Any CPU
		{5B69B2E2-BBB0-40E2-AA4B-9C28D813FBE8}.Release|x64.Deploy.0 = Release|Any CPU
		{5B69B2E2-BBB0-40E2-AA4B-9C28D813FBE8}.Release|x86.ActiveCfg = Release|Any CPU
		{5B69B2E2-BBB0-40E2-AA4B-9C28D813FBE8}.Release|x86.Build.0 = Release|Any CPU
		{5B69B2E2-BBB0-40E2-AA4B-9C28D813FBE8}.Release|x86.Deploy.0 = Release|Any CPU
		{1AA4438A-2EE9-4E6E-A7B4-68159E59E159}.Ad-Hoc|Any CPU.ActiveCfg = Ad-Hoc|iPhone
		{1AA4438A-2EE9-4E6E-A7B4-68159E59E159}.Ad-Hoc|ARM.ActiveCfg = Ad-Hoc|iPhone
		{1AA4438A-2EE9-4E6E-A7B4-68159E59E159}.Ad-Hoc|iPhone.ActiveCfg = Ad-Hoc|iPhone
		{1AA4438A-2EE9-4E6E-A7B4-68159E59E159}.Ad-Hoc|iPhone.Build.0 = Ad-Hoc|iPhone
		{1AA4438A-2EE9-4E6E-A7B4-68159E59E159}.Ad-Hoc|iPhoneSimulator.ActiveCfg = Ad-Hoc|iPhoneSimulator
		{1AA4438A-2EE9-4E6E-A7B4-68159E59E159}.Ad-Hoc|iPhoneSimulator.Build.0 = Ad-Hoc|iPhoneSimulator
		{1AA4438A-2EE9-4E6E-A7B4-68159E59E159}.Ad-Hoc|x64.ActiveCfg = Ad-Hoc|iPhone
		{1AA4438A-2EE9-4E6E-A7B4-68159E59E159}.Ad-Hoc|x86.ActiveCfg = Ad-Hoc|iPhone
		{1AA4438A-2EE9-4E6E-A7B4-68159E59E159}.AppStore|Any CPU.ActiveCfg = AppStore|iPhone
		{1AA4438A-2EE9-4E6E-A7B4-68159E59E159}.AppStore|ARM.ActiveCfg = AppStore|iPhone
		{1AA4438A-2EE9-4E6E-A7B4-68159E59E159}.AppStore|iPhone.ActiveCfg = AppStore|iPhone
		{1AA4438A-2EE9-4E6E-A7B4-68159E59E159}.AppStore|iPhone.Build.0 = AppStore|iPhone
		{1AA4438A-2EE9-4E6E-A7B4-68159E59E159}.AppStore|iPhoneSimulator.ActiveCfg = AppStore|iPhoneSimulator
		{1AA4438A-2EE9-4E6E-A7B4-68159E59E159}.AppStore|iPhoneSimulator.Build.0 = AppStore|iPhoneSimulator
		{1AA4438A-2EE9-4E6E-A7B4-68159E59E159}.AppStore|x64.ActiveCfg = AppStore|iPhone
		{1AA4438A-2EE9-4E6E-A7B4-68159E59E159}.AppStore|x86.ActiveCfg = AppStore|iPhone
		{1AA4438A-2EE9-4E6E-A7B4-68159E59E159}.Debug|Any CPU.ActiveCfg = Debug|iPhone
		{1AA4438A-2EE9-4E6E-A7B4-68159E59E159}.Debug|ARM.ActiveCfg = Debug|iPhone
		{1AA4438A-2EE9-4E6E-A7B4-68159E59E159}.Debug|iPhone.ActiveCfg = Debug|iPhone
		{1AA4438A-2EE9-4E6E-A7B4-68159E59E159}.Debug|iPhone.Build.0 = Debug|iPhone
		{1AA4438A-2EE9-4E6E-A7B4-68159E59E159}.Debug|iPhoneSimulator.ActiveCfg = Debug|iPhoneSimulator
		{1AA4438A-2EE9-4E6E-A7B4-68159E59E159}.Debug|iPhoneSimulator.Build.0 = Debug|iPhoneSimulator
		{1AA4438A-2EE9-4E6E-A7B4-68159E59E159}.Debug|x64.ActiveCfg = Debug|iPhone
		{1AA4438A-2EE9-4E6E-A7B4-68159E59E159}.Debug|x86.ActiveCfg = Debug|iPhone
		{1AA4438A-2EE9-4E6E-A7B4-68159E59E159}.Release|Any CPU.ActiveCfg = Release|iPhone
		{1AA4438A-2EE9-4E6E-A7B4-68159E59E159}.Release|ARM.ActiveCfg = Release|iPhone
		{1AA4438A-2EE9-4E6E-A7B4-68159E59E159}.Release|iPhone.ActiveCfg = Release|iPhone
		{1AA4438A-2EE9-4E6E-A7B4-68159E59E159}.Release|iPhone.Build.0 = Release|iPhone
		{1AA4438A-2EE9-4E6E-A7B4-68159E59E159}.Release|iPhoneSimulator.ActiveCfg = Release|iPhoneSimulator
		{1AA4438A-2EE9-4E6E-A7B4-68159E59E159}.Release|iPhoneSimulator.Build.0 = Release|iPhoneSimulator
		{1AA4438A-2EE9-4E6E-A7B4-68159E59E159}.Release|x64.ActiveCfg = Release|iPhone
		{1AA4438A-2EE9-4E6E-A7B4-68159E59E159}.Release|x86.ActiveCfg = Release|iPhone
		{1524154A-3E8C-4CA6-92A4-91A7A46A4DCB}.Ad-Hoc|Any CPU.ActiveCfg = Release|x86
		{1524154A-3E8C-4CA6-92A4-91A7A46A4DCB}.Ad-Hoc|Any CPU.Build.0 = Release|x86
		{1524154A-3E8C-4CA6-92A4-91A7A46A4DCB}.Ad-Hoc|Any CPU.Deploy.0 = Release|x86
		{1524154A-3E8C-4CA6-92A4-91A7A46A4DCB}.Ad-Hoc|ARM.ActiveCfg = Release|ARM
		{1524154A-3E8C-4CA6-92A4-91A7A46A4DCB}.Ad-Hoc|ARM.Build.0 = Release|ARM
		{1524154A-3E8C-4CA6-92A4-91A7A46A4DCB}.Ad-Hoc|ARM.Deploy.0 = Release|ARM
		{1524154A-3E8C-4CA6-92A4-91A7A46A4DCB}.Ad-Hoc|iPhone.ActiveCfg = Release|x86
		{1524154A-3E8C-4CA6-92A4-91A7A46A4DCB}.Ad-Hoc|iPhone.Build.0 = Release|x86
		{1524154A-3E8C-4CA6-92A4-91A7A46A4DCB}.Ad-Hoc|iPhone.Deploy.0 = Release|x86
		{1524154A-3E8C-4CA6-92A4-91A7A46A4DCB}.Ad-Hoc|iPhoneSimulator.ActiveCfg = Release|x86
		{1524154A-3E8C-4CA6-92A4-91A7A46A4DCB}.Ad-Hoc|iPhoneSimulator.Build.0 = Release|x86
		{1524154A-3E8C-4CA6-92A4-91A7A46A4DCB}.Ad-Hoc|iPhoneSimulator.Deploy.0 = Release|x86
		{1524154A-3E8C-4CA6-92A4-91A7A46A4DCB}.Ad-Hoc|x64.ActiveCfg = Release|x64
		{1524154A-3E8C-4CA6-92A4-91A7A46A4DCB}.Ad-Hoc|x64.Build.0 = Release|x64
		{1524154A-3E8C-4CA6-92A4-91A7A46A4DCB}.Ad-Hoc|x64.Deploy.0 = Release|x64
		{1524154A-3E8C-4CA6-92A4-91A7A46A4DCB}.Ad-Hoc|x86.ActiveCfg = Release|x86
		{1524154A-3E8C-4CA6-92A4-91A7A46A4DCB}.Ad-Hoc|x86.Build.0 = Release|x86
		{1524154A-3E8C-4CA6-92A4-91A7A46A4DCB}.Ad-Hoc|x86.Deploy.0 = Release|x86
		{1524154A-3E8C-4CA6-92A4-91A7A46A4DCB}.AppStore|Any CPU.ActiveCfg = Release|x86
		{1524154A-3E8C-4CA6-92A4-91A7A46A4DCB}.AppStore|Any CPU.Build.0 = Release|x86
		{1524154A-3E8C-4CA6-92A4-91A7A46A4DCB}.AppStore|Any CPU.Deploy.0 = Release|x86
		{1524154A-3E8C-4CA6-92A4-91A7A46A4DCB}.AppStore|ARM.ActiveCfg = Release|ARM
		{1524154A-3E8C-4CA6-92A4-91A7A46A4DCB}.AppStore|ARM.Build.0 = Release|ARM
		{1524154A-3E8C-4CA6-92A4-91A7A46A4DCB}.AppStore|ARM.Deploy.0 = Release|ARM
		{1524154A-3E8C-4CA6-92A4-91A7A46A4DCB}.AppStore|iPhone.ActiveCfg = Release|x86
		{1524154A-3E8C-4CA6-92A4-91A7A46A4DCB}.AppStore|iPhone.Build.0 = Release|x86
		{1524154A-3E8C-4CA6-92A4-91A7A46A4DCB}.AppStore|iPhone.Deploy.0 = Release|x86
		{1524154A-3E8C-4CA6-92A4-91A7A46A4DCB}.AppStore|iPhoneSimulator.ActiveCfg = Release|x86
		{1524154A-3E8C-4CA6-92A4-91A7A46A4DCB}.AppStore|iPhoneSimulator.Build.0 = Release|x86
		{1524154A-3E8C-4CA6-92A4-91A7A46A4DCB}.AppStore|iPhoneSimulator.Deploy.0 = Release|x86
		{1524154A-3E8C-4CA6-92A4-91A7A46A4DCB}.AppStore|x64.ActiveCfg = Release|x64
		{1524154A-3E8C-4CA6-92A4-91A7A46A4DCB}.AppStore|x64.Build.0 = Release|x64
		{1524154A-3E8C-4CA6-92A4-91A7A46A4DCB}.AppStore|x64.Deploy.0 = Release|x64
		{1524154A-3E8C-4CA6-92A4-91A7A46A4DCB}.AppStore|x86.ActiveCfg = Release|x86
		{1524154A-3E8C-4CA6-92A4-91A7A46A4DCB}.AppStore|x86.Build.0 = Release|x86
		{1524154A-3E8C-4CA6-92A4-91A7A46A4DCB}.AppStore|x86.Deploy.0 = Release|x86
		{1524154A-3E8C-4CA6-92A4-91A7A46A4DCB}.Debug|Any CPU.ActiveCfg = Debug|x86
		{1524154A-3E8C-4CA6-92A4-91A7A46A4DCB}.Debug|Any CPU.Build.0 = Debug|x86
		{1524154A-3E8C-4CA6-92A4-91A7A46A4DCB}.Debug|Any CPU.Deploy.0 = Debug|x86
		{1524154A-3E8C-4CA6-92A4-91A7A46A4DCB}.Debug|ARM.ActiveCfg = Debug|ARM
		{1524154A-3E8C-4CA6-92A4-91A7A46A4DCB}.Debug|ARM.Build.0 = Debug|ARM
		{1524154A-3E8C-4CA6-92A4-91A7A46A4DCB}.Debug|ARM.Deploy.0 = Debug|ARM
		{1524154A-3E8C-4CA6-92A4-91A7A46A4DCB}.Debug|iPhone.ActiveCfg = Debug|x86
		{1524154A-3E8C-4CA6-92A4-91A7A46A4DCB}.Debug|iPhoneSimulator.ActiveCfg = Debug|x86
		{1524154A-3E8C-4CA6-92A4-91A7A46A4DCB}.Debug|x64.ActiveCfg = Debug|x64
		{1524154A-3E8C-4CA6-92A4-91A7A46A4DCB}.Debug|x64.Build.0 = Debug|x64
		{1524154A-3E8C-4CA6-92A4-91A7A46A4DCB}.Debug|x64.Deploy.0 = Debug|x64
		{1524154A-3E8C-4CA6-92A4-91A7A46A4DCB}.Debug|x86.ActiveCfg = Debug|x86
		{1524154A-3E8C-4CA6-92A4-91A7A46A4DCB}.Debug|x86.Build.0 = Debug|x86
		{1524154A-3E8C-4CA6-92A4-91A7A46A4DCB}.Debug|x86.Deploy.0 = Debug|x86
		{1524154A-3E8C-4CA6-92A4-91A7A46A4DCB}.Release|Any CPU.ActiveCfg = Release|x86
		{1524154A-3E8C-4CA6-92A4-91A7A46A4DCB}.Release|ARM.ActiveCfg = Release|ARM
		{1524154A-3E8C-4CA6-92A4-91A7A46A4DCB}.Release|ARM.Build.0 = Release|ARM
		{1524154A-3E8C-4CA6-92A4-91A7A46A4DCB}.Release|ARM.Deploy.0 = Release|ARM
		{1524154A-3E8C-4CA6-92A4-91A7A46A4DCB}.Release|iPhone.ActiveCfg = Release|x86
		{1524154A-3E8C-4CA6-92A4-91A7A46A4DCB}.Release|iPhoneSimulator.ActiveCfg = Release|x86
		{1524154A-3E8C-4CA6-92A4-91A7A46A4DCB}.Release|x64.ActiveCfg = Release|x64
		{1524154A-3E8C-4CA6-92A4-91A7A46A4DCB}.Release|x64.Build.0 = Release|x64
		{1524154A-3E8C-4CA6-92A4-91A7A46A4DCB}.Release|x64.Deploy.0 = Release|x64
		{1524154A-3E8C-4CA6-92A4-91A7A46A4DCB}.Release|x86.ActiveCfg = Release|x86
		{1524154A-3E8C-4CA6-92A4-91A7A46A4DCB}.Release|x86.Build.0 = Release|x86
		{1524154A-3E8C-4CA6-92A4-91A7A46A4DCB}.Release|x86.Deploy.0 = Release|x86
		{0BC6C685-D459-4EAF-84EF-D7E12CA72636}.Ad-Hoc|Any CPU.ActiveCfg = Release|Any CPU
		{0BC6C685-D459-4EAF-84EF-D7E12CA72636}.Ad-Hoc|Any CPU.Build.0 = Release|Any CPU
		{0BC6C685-D459-4EAF-84EF-D7E12CA72636}.Ad-Hoc|ARM.ActiveCfg = Release|Any CPU
		{0BC6C685-D459-4EAF-84EF-D7E12CA72636}.Ad-Hoc|ARM.Build.0 = Release|Any CPU
		{0BC6C685-D459-4EAF-84EF-D7E12CA72636}.Ad-Hoc|iPhone.ActiveCfg = Release|Any CPU
		{0BC6C685-D459-4EAF-84EF-D7E12CA72636}.Ad-Hoc|iPhone.Build.0 = Release|Any CPU
		{0BC6C685-D459-4EAF-84EF-D7E12CA72636}.Ad-Hoc|iPhoneSimulator.ActiveCfg = Release|Any CPU
		{0BC6C685-D459-4EAF-84EF-D7E12CA72636}.Ad-Hoc|iPhoneSimulator.Build.0 = Release|Any CPU
		{0BC6C685-D459-4EAF-84EF-D7E12CA72636}.Ad-Hoc|x64.ActiveCfg = Release|Any CPU
		{0BC6C685-D459-4EAF-84EF-D7E12CA72636}.Ad-Hoc|x64.Build.0 = Release|Any CPU
		{0BC6C685-D459-4EAF-84EF-D7E12CA72636}.Ad-Hoc|x86.ActiveCfg = Release|Any CPU
		{0BC6C685-D459-4EAF-84EF-D7E12CA72636}.Ad-Hoc|x86.Build.0 = Release|Any CPU
		{0BC6C685-D459-4EAF-84EF-D7E12CA72636}.AppStore|Any CPU.ActiveCfg = Release|Any CPU
		{0BC6C685-D459-4EAF-84EF-D7E12CA72636}.AppStore|Any CPU.Build.0 = Release|Any CPU
		{0BC6C685-D459-4EAF-84EF-D7E12CA72636}.AppStore|ARM.ActiveCfg = Release|Any CPU
		{0BC6C685-D459-4EAF-84EF-D7E12CA72636}.AppStore|ARM.Build.0 = Release|Any CPU
		{0BC6C685-D459-4EAF-84EF-D7E12CA72636}.AppStore|iPhone.ActiveCfg = Release|Any CPU
		{0BC6C685-D459-4EAF-84EF-D7E12CA72636}.AppStore|iPhone.Build.0 = Release|Any CPU
		{0BC6C685-D459-4EAF-84EF-D7E12CA72636}.AppStore|iPhoneSimulator.ActiveCfg = Release|Any CPU
		{0BC6C685-D459-4EAF-84EF-D7E12CA72636}.AppStore|iPhoneSimulator.Build.0 = Release|Any CPU
		{0BC6C685-D459-4EAF-84EF-D7E12CA72636}.AppStore|x64.ActiveCfg = Release|Any CPU
		{0BC6C685-D459-4EAF-84EF-D7E12CA72636}.AppStore|x64.Build.0 = Release|Any CPU
		{0BC6C685-D459-4EAF-84EF-D7E12CA72636}.AppStore|x86.ActiveCfg = Release|Any CPU
		{0BC6C685-D459-4EAF-84EF-D7E12CA72636}.AppStore|x86.Build.0 = Release|Any CPU
		{0BC6C685-D459-4EAF-84EF-D7E12CA72636}.Debug|Any CPU.ActiveCfg = Debug|Any CPU
		{0BC6C685-D459-4EAF-84EF-D7E12CA72636}.Debug|Any CPU.Build.0 = Debug|Any CPU
		{0BC6C685-D459-4EAF-84EF-D7E12CA72636}.Debug|ARM.ActiveCfg = Debug|Any CPU
		{0BC6C685-D459-4EAF-84EF-D7E12CA72636}.Debug|ARM.Build.0 = Debug|Any CPU
		{0BC6C685-D459-4EAF-84EF-D7E12CA72636}.Debug|iPhone.ActiveCfg = Debug|Any CPU
		{0BC6C685-D459-4EAF-84EF-D7E12CA72636}.Debug|iPhone.Build.0 = Debug|Any CPU
		{0BC6C685-D459-4EAF-84EF-D7E12CA72636}.Debug|iPhoneSimulator.ActiveCfg = Debug|Any CPU
		{0BC6C685-D459-4EAF-84EF-D7E12CA72636}.Debug|iPhoneSimulator.Build.0 = Debug|Any CPU
		{0BC6C685-D459-4EAF-84EF-D7E12CA72636}.Debug|x64.ActiveCfg = Debug|Any CPU
		{0BC6C685-D459-4EAF-84EF-D7E12CA72636}.Debug|x64.Build.0 = Debug|Any CPU
		{0BC6C685-D459-4EAF-84EF-D7E12CA72636}.Debug|x86.ActiveCfg = Debug|Any CPU
		{0BC6C685-D459-4EAF-84EF-D7E12CA72636}.Debug|x86.Build.0 = Debug|Any CPU
		{0BC6C685-D459-4EAF-84EF-D7E12CA72636}.Release|Any CPU.ActiveCfg = Release|Any CPU
		{0BC6C685-D459-4EAF-84EF-D7E12CA72636}.Release|Any CPU.Build.0 = Release|Any CPU
		{0BC6C685-D459-4EAF-84EF-D7E12CA72636}.Release|ARM.ActiveCfg = Release|Any CPU
		{0BC6C685-D459-4EAF-84EF-D7E12CA72636}.Release|ARM.Build.0 = Release|Any CPU
		{0BC6C685-D459-4EAF-84EF-D7E12CA72636}.Release|iPhone.ActiveCfg = Release|Any CPU
		{0BC6C685-D459-4EAF-84EF-D7E12CA72636}.Release|iPhone.Build.0 = Release|Any CPU
		{0BC6C685-D459-4EAF-84EF-D7E12CA72636}.Release|iPhoneSimulator.ActiveCfg = Release|Any CPU
		{0BC6C685-D459-4EAF-84EF-D7E12CA72636}.Release|iPhoneSimulator.Build.0 = Release|Any CPU
		{0BC6C685-D459-4EAF-84EF-D7E12CA72636}.Release|x64.ActiveCfg = Release|Any CPU
		{0BC6C685-D459-4EAF-84EF-D7E12CA72636}.Release|x64.Build.0 = Release|Any CPU
		{0BC6C685-D459-4EAF-84EF-D7E12CA72636}.Release|x86.ActiveCfg = Release|Any CPU
		{0BC6C685-D459-4EAF-84EF-D7E12CA72636}.Release|x86.Build.0 = Release|Any CPU
	EndGlobalSection
	GlobalSection(SolutionProperties) = preSolution
		HideSolutionNode = FALSE
	EndGlobalSection
	GlobalSection(NestedProjects) = preSolution
		{A6FCEF44-D2BA-42C7-B3CB-13667BCD7B54} = {1C0A9A9C-9600-4C5B-ADF8-DE87CA488C1D}
		{6EDB0588-FFC5-4EF5-8A99-9E241D0F878D} = {1C0A9A9C-9600-4C5B-ADF8-DE87CA488C1D}
		{2882AEEB-D4CD-4EB9-8A6C-6653B33681F0} = {1C0A9A9C-9600-4C5B-ADF8-DE87CA488C1D}
		{56A56F17-7DE1-4CA1-9617-BF32E971AC84} = {1C0A9A9C-9600-4C5B-ADF8-DE87CA488C1D}
		{E34B516D-C0D8-450F-9DB0-BB6A5B04AEF1} = {1C0A9A9C-9600-4C5B-ADF8-DE87CA488C1D}
		{5B69B2E2-BBB0-40E2-AA4B-9C28D813FBE8} = {81353CDD-3887-429E-B203-E84898EC213F}
		{1AA4438A-2EE9-4E6E-A7B4-68159E59E159} = {81353CDD-3887-429E-B203-E84898EC213F}
		{1524154A-3E8C-4CA6-92A4-91A7A46A4DCB} = {81353CDD-3887-429E-B203-E84898EC213F}
		{0BC6C685-D459-4EAF-84EF-D7E12CA72636} = {81353CDD-3887-429E-B203-E84898EC213F}
	EndGlobalSection
EndGlobal
